
Microsoft Visual Studio Solution File, Format Version 12.00
# Visual Studio 15
VisualStudioVersion = 15.0.27130.2020
MinimumVisualStudioVersion = 10.0.40219.1
Project("{FAE04EC0-301F-11D3-BF4B-00C04F79EFBC}") = "Shsict.Peccacy.Service", "Shsict.Peccacy.Service\Shsict.Peccacy.Service.csproj", "{D5409DD4-2215-4B27-8489-2C3FAFF90919}"
EndProject
Project("{FAE04EC0-301F-11D3-BF4B-00C04F79EFBC}") = "Shsict.Peccacy.Service.Tests", "Shsict.Peccacy.Service.Tests\Shsict.Peccacy.Service.Tests.csproj", "{1B29B5CB-8B5B-4FF4-9453-DC9DA1DC3DFD}"
EndProject
Global
	GlobalSection(SolutionConfigurationPlatforms) = preSolution
		Debug|Any CPU = Debug|Any CPU
		Release|Any CPU = Release|Any CPU
	EndGlobalSection
	GlobalSection(ProjectConfigurationPlatforms) = postSolution
		{D5409DD4-2215-4B27-8489-2C3FAFF90919}.Debug|Any CPU.ActiveCfg = Debug|Any CPU
		{D5409DD4-2215-4B27-8489-2C3FAFF90919}.Debug|Any CPU.Build.0 = Debug|Any CPU
		{D5409DD4-2215-4B27-8489-2C3FAFF90919}.Release|Any CPU.ActiveCfg = Release|Any CPU
		{D5409DD4-2215-4B27-8489-2C3FAFF90919}.Release|Any CPU.Build.0 = Release|Any CPU
		{1B29B5CB-8B5B-4FF4-9453-DC9DA1DC3DFD}.Debug|Any CPU.ActiveCfg = Debug|Any CPU
		{1B29B5CB-8B5B-4FF4-9453-DC9DA1DC3DFD}.Debug|Any CPU.Build.0 = Debug|Any CPU
		{1B29B5CB-8B5B-4FF4-9453-DC9DA1DC3DFD}.Release|Any CPU.ActiveCfg = Release|Any CPU
		{1B29B5CB-8B5B-4FF4-9453-DC9DA1DC3DFD}.Release|Any CPU.Build.0 = Release|Any CPU
	EndGlobalSection
	GlobalSection(SolutionProperties) = preSolution
		HideSolutionNode = FALSE
	EndGlobalSection
	GlobalSection(ExtensibilityGlobals) = postSolution
		SolutionGuid = {096A7A06-B029-4D43-84C6-994F1C98AC8C}
	EndGlobalSection
EndGlobal
